
Microsoft Visual Studio Solution File, Format Version 12.00
# Visual Studio Version 16
VisualStudioVersion = 16.0.32630.194
MinimumVisualStudioVersion = 10.0.40219.1
Project("{FAE04EC0-301F-11D3-BF4B-00C04F79EFBC}") = "CustomerRegister", "CustomerRegister.csproj", "{FD07B8DD-70BD-4748-B68C-FA8E18787EC5}"
EndProject
Global
	GlobalSection(SolutionConfigurationPlatforms) = preSolution
		Debug|Any CPU = Debug|Any CPU
		Release|Any CPU = Release|Any CPU
	EndGlobalSection
	GlobalSection(ProjectConfigurationPlatforms) = postSolution
		{FD07B8DD-70BD-4748-B68C-FA8E18787EC5}.Debug|Any CPU.ActiveCfg = Debug|Any CPU
		{FD07B8DD-70BD-4748-B68C-FA8E18787EC5}.Debug|Any CPU.Build.0 = Debug|Any CPU
		{FD07B8DD-70BD-4748-B68C-FA8E18787EC5}.Release|Any CPU.ActiveCfg = Release|Any CPU
		{FD07B8DD-70BD-4748-B68C-FA8E18787EC5}.Release|Any CPU.Build.0 = Release|Any CPU
	EndGlobalSection
	GlobalSection(SolutionProperties) = preSolution
		HideSolutionNode = FALSE
	EndGlobalSection
	GlobalSection(ExtensibilityGlobals) = postSolution
		SolutionGuid = {0E2C2429-9A0E-432D-994A-0AA0A19C08ED}
	EndGlobalSection
EndGlobal
